
Microsoft Visual Studio Solution File, Format Version 12.00
# Visual Studio Version 17
VisualStudioVersion = 17.3.32929.385
MinimumVisualStudioVersion = 10.0.40219.1
Project("{FAE04EC0-301F-11D3-BF4B-00C04F79EFBC}") = "UserRegistration", "UserRegistration.csproj", "{C7BC75C5-35E2-4FDC-AAB8-96328C45A959}"
EndProject
Global
	GlobalSection(SolutionConfigurationPlatforms) = preSolution
		Debug|Any CPU = Debug|Any CPU
		Release|Any CPU = Release|Any CPU
	EndGlobalSection
	GlobalSection(ProjectConfigurationPlatforms) = postSolution
		{C7BC75C5-35E2-4FDC-AAB8-96328C45A959}.Debug|Any CPU.ActiveCfg = Debug|Any CPU
		{C7BC75C5-35E2-4FDC-AAB8-96328C45A959}.Debug|Any CPU.Build.0 = Debug|Any CPU
		{C7BC75C5-35E2-4FDC-AAB8-96328C45A959}.Release|Any CPU.ActiveCfg = Release|Any CPU
		{C7BC75C5-35E2-4FDC-AAB8-96328C45A959}.Release|Any CPU.Build.0 = Release|Any CPU
	EndGlobalSection
	GlobalSection(SolutionProperties) = preSolution
		HideSolutionNode = FALSE
	EndGlobalSection
	GlobalSection(ExtensibilityGlobals) = postSolution
		SolutionGuid = {FEA52445-41F8-47DA-AF3C-4ABDE6AD0174}
	EndGlobalSection
EndGlobal
